
Microsoft Visual Studio Solution File, Format Version 12.00
# Visual Studio Version 17
VisualStudioVersion = 17.4.33205.214
MinimumVisualStudioVersion = 10.0.40219.1
Project("{FAE04EC0-301F-11D3-BF4B-00C04F79EFBC}") = "Learn_AspDotNetCoreMVC_Tedu", "Learn_AspDotNetCoreMVC_Tedu.csproj", "{F1B49A2D-1F6A-4FA2-A102-73C3632552F9}"
EndProject
Project("{2150E333-8FDC-42A3-9474-1A3956D46DE8}") = "Solution Items", "Solution Items", "{8278E205-068E-499C-821F-51D106A9A120}"
	ProjectSection(SolutionItems) = preProject
		README.md = README.md
	EndProjectSection
EndProject
Global
	GlobalSection(SolutionConfigurationPlatforms) = preSolution
		Debug|Any CPU = Debug|Any CPU
		Release|Any CPU = Release|Any CPU
	EndGlobalSection
	GlobalSection(ProjectConfigurationPlatforms) = postSolution
		{F1B49A2D-1F6A-4FA2-A102-73C3632552F9}.Debug|Any CPU.ActiveCfg = Debug|Any CPU
		{F1B49A2D-1F6A-4FA2-A102-73C3632552F9}.Debug|Any CPU.Build.0 = Debug|Any CPU
		{F1B49A2D-1F6A-4FA2-A102-73C3632552F9}.Release|Any CPU.ActiveCfg = Release|Any CPU
		{F1B49A2D-1F6A-4FA2-A102-73C3632552F9}.Release|Any CPU.Build.0 = Release|Any CPU
	EndGlobalSection
	GlobalSection(SolutionProperties) = preSolution
		HideSolutionNode = FALSE
	EndGlobalSection
	GlobalSection(ExtensibilityGlobals) = postSolution
		SolutionGuid = {8992CEBE-32FE-4474-A7A7-CE6DE8CC2BCE}
	EndGlobalSection
EndGlobal
